
Microsoft Visual Studio Solution File, Format Version 12.00
# Visual Studio Version 16
VisualStudioVersion = 16.0.31205.134
MinimumVisualStudioVersion = 10.0.40219.1
Project("{9A19103F-16F7-4668-BE54-9A1E7A4F7556}") = "HashSetTesting", "HashSetTesting\HashSetTesting.csproj", "{7D7B3C76-2DBC-4E3C-819C-A22A1C8DF703}"
EndProject
Project("{9A19103F-16F7-4668-BE54-9A1E7A4F7556}") = "IndicesAndRanges", "IndicesAndRanges\IndicesAndRanges.csproj", "{6143BF34-D9EC-47DC-91B6-E47668B4A13E}"
EndProject
Project("{9A19103F-16F7-4668-BE54-9A1E7A4F7556}") = "LinqTesting", "LinqTesting\LinqTesting.csproj", "{14F8179D-D65F-424B-88ED-EDFD1CDF664E}"
EndProject
Project("{9A19103F-16F7-4668-BE54-9A1E7A4F7556}") = "BlockingCollectionTesting", "BlockingCollectionTesting\BlockingCollectionTesting.csproj", "{4549F5F8-19DF-4A38-92D0-7756297D8114}"
EndProject
Project("{9A19103F-16F7-4668-BE54-9A1E7A4F7556}") = "WebsiteStatus", "WebsiteStatus\WebsiteStatus.csproj", "{9657EFB9-4C4A-42EE-8691-752036E7856A}"
EndProject
Project("{2150E333-8FDC-42A3-9474-1A3956D46DE8}") = "Patterns", "Patterns", "{68C5E21A-D026-412D-BF78-0316F2DFC7D8}"
EndProject
Project("{9A19103F-16F7-4668-BE54-9A1E7A4F7556}") = "IteratorsTest", "IteratorsTest\IteratorsTest.csproj", "{0CD54E87-13C2-431D-B2F5-D3D600FECA6D}"
EndProject
Project("{9A19103F-16F7-4668-BE54-9A1E7A4F7556}") = "FluentFTPTesting", "FluentFTPTesting\FluentFTPTesting.csproj", "{CAE52538-2132-4E9D-8ECC-17E3205B3BBE}"
EndProject
Project("{9A19103F-16F7-4668-BE54-9A1E7A4F7556}") = "WorkerServiceTesting", "WorkerServiceTesting\WorkerServiceTesting.csproj", "{5CF6DFCE-42D7-4DFA-90D7-FFEA52B1197B}"
EndProject
Project("{2150E333-8FDC-42A3-9474-1A3956D46DE8}") = "Concurrency", "Concurrency", "{B0B5F6AA-4D13-4CDA-BD71-7082555272E0}"
EndProject
Project("{9A19103F-16F7-4668-BE54-9A1E7A4F7556}") = "OrderByCompletionExample", "OrderByCompletionExample\OrderByCompletionExample.csproj", "{931FE1AF-1ED8-427F-8A4D-185DE36998D9}"
EndProject
Project("{9A19103F-16F7-4668-BE54-9A1E7A4F7556}") = "AsynchronousStreamsWithLinq", "Concurrency\AsynchronousStreamsWithLinq\AsynchronousStreamsWithLinq.csproj", "{EBAA01AF-4168-46D9-B1EB-8C8419254B4F}"
EndProject
Project("{9A19103F-16F7-4668-BE54-9A1E7A4F7556}") = "ParallelAggregation", "Concurrency\ParallelAggregation\ParallelAggregation.csproj", "{5CF3FA9F-8144-46C3-8BE8-4050723A2F88}"
EndProject
Project("{FAE04EC0-301F-11D3-BF4B-00C04F79EFBC}") = "TaskCompletionSourceCancellation", "Concurrency\TaskCompletionSourceCancellation\TaskCompletionSourceCancellation.csproj", "{6C7533D8-3FEA-430B-A2D1-B581FA95367E}"
EndProject
Global
	GlobalSection(SolutionConfigurationPlatforms) = preSolution
		Debug|Any CPU = Debug|Any CPU
		Release|Any CPU = Release|Any CPU
	EndGlobalSection
	GlobalSection(ProjectConfigurationPlatforms) = postSolution
		{7D7B3C76-2DBC-4E3C-819C-A22A1C8DF703}.Debug|Any CPU.ActiveCfg = Debug|Any CPU
		{7D7B3C76-2DBC-4E3C-819C-A22A1C8DF703}.Debug|Any CPU.Build.0 = Debug|Any CPU
		{7D7B3C76-2DBC-4E3C-819C-A22A1C8DF703}.Release|Any CPU.ActiveCfg = Release|Any CPU
		{7D7B3C76-2DBC-4E3C-819C-A22A1C8DF703}.Release|Any CPU.Build.0 = Release|Any CPU
		{6143BF34-D9EC-47DC-91B6-E47668B4A13E}.Debug|Any CPU.ActiveCfg = Debug|Any CPU
		{6143BF34-D9EC-47DC-91B6-E47668B4A13E}.Debug|Any CPU.Build.0 = Debug|Any CPU
		{6143BF34-D9EC-47DC-91B6-E47668B4A13E}.Release|Any CPU.ActiveCfg = Release|Any CPU
		{6143BF34-D9EC-47DC-91B6-E47668B4A13E}.Release|Any CPU.Build.0 = Release|Any CPU
		{14F8179D-D65F-424B-88ED-EDFD1CDF664E}.Debug|Any CPU.ActiveCfg = Debug|Any CPU
		{14F8179D-D65F-424B-88ED-EDFD1CDF664E}.Debug|Any CPU.Build.0 = Debug|Any CPU
		{14F8179D-D65F-424B-88ED-EDFD1CDF664E}.Release|Any CPU.ActiveCfg = Release|Any CPU
		{14F8179D-D65F-424B-88ED-EDFD1CDF664E}.Release|Any CPU.Build.0 = Release|Any CPU
		{4549F5F8-19DF-4A38-92D0-7756297D8114}.Debug|Any CPU.ActiveCfg = Debug|Any CPU
		{4549F5F8-19DF-4A38-92D0-7756297D8114}.Debug|Any CPU.Build.0 = Debug|Any CPU
		{4549F5F8-19DF-4A38-92D0-7756297D8114}.Release|Any CPU.ActiveCfg = Release|Any CPU
		{4549F5F8-19DF-4A38-92D0-7756297D8114}.Release|Any CPU.Build.0 = Release|Any CPU
		{9657EFB9-4C4A-42EE-8691-752036E7856A}.Debug|Any CPU.ActiveCfg = Debug|Any CPU
		{9657EFB9-4C4A-42EE-8691-752036E7856A}.Debug|Any CPU.Build.0 = Debug|Any CPU
		{9657EFB9-4C4A-42EE-8691-752036E7856A}.Release|Any CPU.ActiveCfg = Release|Any CPU
		{9657EFB9-4C4A-42EE-8691-752036E7856A}.Release|Any CPU.Build.0 = Release|Any CPU
		{0CD54E87-13C2-431D-B2F5-D3D600FECA6D}.Debug|Any CPU.ActiveCfg = Debug|Any CPU
		{0CD54E87-13C2-431D-B2F5-D3D600FECA6D}.Debug|Any CPU.Build.0 = Debug|Any CPU
		{0CD54E87-13C2-431D-B2F5-D3D600FECA6D}.Release|Any CPU.ActiveCfg = Release|Any CPU
		{0CD54E87-13C2-431D-B2F5-D3D600FECA6D}.Release|Any CPU.Build.0 = Release|Any CPU
		{CAE52538-2132-4E9D-8ECC-17E3205B3BBE}.Debug|Any CPU.ActiveCfg = Debug|Any CPU
		{CAE52538-2132-4E9D-8ECC-17E3205B3BBE}.Debug|Any CPU.Build.0 = Debug|Any CPU
		{CAE52538-2132-4E9D-8ECC-17E3205B3BBE}.Release|Any CPU.ActiveCfg = Release|Any CPU
		{CAE52538-2132-4E9D-8ECC-17E3205B3BBE}.Release|Any CPU.Build.0 = Release|Any CPU
		{5CF6DFCE-42D7-4DFA-90D7-FFEA52B1197B}.Debug|Any CPU.ActiveCfg = Debug|Any CPU
		{5CF6DFCE-42D7-4DFA-90D7-FFEA52B1197B}.Debug|Any CPU.Build.0 = Debug|Any CPU
		{5CF6DFCE-42D7-4DFA-90D7-FFEA52B1197B}.Release|Any CPU.ActiveCfg = Release|Any CPU
		{5CF6DFCE-42D7-4DFA-90D7-FFEA52B1197B}.Release|Any CPU.Build.0 = Release|Any CPU
		{931FE1AF-1ED8-427F-8A4D-185DE36998D9}.Debug|Any CPU.ActiveCfg = Debug|Any CPU
		{931FE1AF-1ED8-427F-8A4D-185DE36998D9}.Debug|Any CPU.Build.0 = Debug|Any CPU
		{931FE1AF-1ED8-427F-8A4D-185DE36998D9}.Release|Any CPU.ActiveCfg = Release|Any CPU
		{931FE1AF-1ED8-427F-8A4D-185DE36998D9}.Release|Any CPU.Build.0 = Release|Any CPU
		{EBAA01AF-4168-46D9-B1EB-8C8419254B4F}.Debug|Any CPU.ActiveCfg = Debug|Any CPU
		{EBAA01AF-4168-46D9-B1EB-8C8419254B4F}.Debug|Any CPU.Build.0 = Debug|Any CPU
		{EBAA01AF-4168-46D9-B1EB-8C8419254B4F}.Release|Any CPU.ActiveCfg = Release|Any CPU
		{EBAA01AF-4168-46D9-B1EB-8C8419254B4F}.Release|Any CPU.Build.0 = Release|Any CPU
		{5CF3FA9F-8144-46C3-8BE8-4050723A2F88}.Debug|Any CPU.ActiveCfg = Debug|Any CPU
		{5CF3FA9F-8144-46C3-8BE8-4050723A2F88}.Debug|Any CPU.Build.0 = Debug|Any CPU
		{5CF3FA9F-8144-46C3-8BE8-4050723A2F88}.Release|Any CPU.ActiveCfg = Release|Any CPU
		{5CF3FA9F-8144-46C3-8BE8-4050723A2F88}.Release|Any CPU.Build.0 = Release|Any CPU
		{6C7533D8-3FEA-430B-A2D1-B581FA95367E}.Debug|Any CPU.ActiveCfg = Debug|Any CPU
		{6C7533D8-3FEA-430B-A2D1-B581FA95367E}.Debug|Any CPU.Build.0 = Debug|Any CPU
		{6C7533D8-3FEA-430B-A2D1-B581FA95367E}.Release|Any CPU.ActiveCfg = Release|Any CPU
		{6C7533D8-3FEA-430B-A2D1-B581FA95367E}.Release|Any CPU.Build.0 = Release|Any CPU
	EndGlobalSection
	GlobalSection(SolutionProperties) = preSolution
		HideSolutionNode = FALSE
	EndGlobalSection
	GlobalSection(NestedProjects) = preSolution
		{0CD54E87-13C2-431D-B2F5-D3D600FECA6D} = {68C5E21A-D026-412D-BF78-0316F2DFC7D8}
		{931FE1AF-1ED8-427F-8A4D-185DE36998D9} = {B0B5F6AA-4D13-4CDA-BD71-7082555272E0}
		{EBAA01AF-4168-46D9-B1EB-8C8419254B4F} = {B0B5F6AA-4D13-4CDA-BD71-7082555272E0}
		{5CF3FA9F-8144-46C3-8BE8-4050723A2F88} = {B0B5F6AA-4D13-4CDA-BD71-7082555272E0}
		{6C7533D8-3FEA-430B-A2D1-B581FA95367E} = {B0B5F6AA-4D13-4CDA-BD71-7082555272E0}
	EndGlobalSection
	GlobalSection(ExtensibilityGlobals) = postSolution
		SolutionGuid = {418E619E-08E2-4880-B265-4B12977EE66F}
	EndGlobalSection
EndGlobal
